
Microsoft Visual Studio Solution File, Format Version 12.00
# Visual Studio Version 17
VisualStudioVersion = 17.0.31903.59
MinimumVisualStudioVersion = 10.0.40219.1
Project("{2150E333-8FDC-42A3-9474-1A3956D46DE8}") = "src", "src", "{827E0CD3-B72D-47B6-A68D-7590B98EB39B}"
EndProject
Project("{FAE04EC0-301F-11D3-BF4B-00C04F79EFBC}") = "TFoodies.Domain", "src\TFoodies.Domain\TFoodies.Domain.csproj", "{1BA8E6ED-AD66-485C-88F6-4B52539DCCDB}"
EndProject
Project("{FAE04EC0-301F-11D3-BF4B-00C04F79EFBC}") = "TFoodies.Application", "src\TFoodies.Application\TFoodies.Application.csproj", "{9A70E89F-021B-4EA2-B37A-577B58AD3948}"
EndProject
Project("{FAE04EC0-301F-11D3-BF4B-00C04F79EFBC}") = "TFoodies.Infrastructure", "src\TFoodies.Infrastructure\TFoodies.Infrastructure.csproj", "{7455AACB-0C80-47B3-9980-2460718BA943}"
EndProject
Project("{FAE04EC0-301F-11D3-BF4B-00C04F79EFBC}") = "TFoodies.Contracts", "src\TFoodies.Contracts\TFoodies.Contracts.csproj", "{42F5CC4C-2536-4632-9B27-EE0E5B2CBD27}"
EndProject
Project("{FAE04EC0-301F-11D3-BF4B-00C04F79EFBC}") = "TFoodies.Domain.Tests", "tests\TFoodies.Domain.Tests\TFoodies.Domain.Tests.csproj", "{232C5BB8-3E10-4305-B2CE-4EF7EA56C789}"
EndProject
Project("{FAE04EC0-301F-11D3-BF4B-00C04F79EFBC}") = "TFoodies.Application.Tests", "tests\TFoodies.Application.Tests\TFoodies.Application.Tests.csproj", "{0880D49B-EBFD-403B-A490-ABF11D2C396C}"
EndProject
Project("{FAE04EC0-301F-11D3-BF4B-00C04F79EFBC}") = "TFoodies.Api.Functions", "src\TFoodies.Api.Functions\TFoodies.Api.Functions.csproj", "{D37AF76F-7106-4C11-8396-A888C1A1A77C}"
EndProject
Project("{2150E333-8FDC-42A3-9474-1A3956D46DE8}") = "tests", "tests", "{0AB3BF05-4346-4AA6-1389-037BE0695223}"
EndProject
Project("{FAE04EC0-301F-11D3-BF4B-00C04F79EFBC}") = "TFoodies.Infrastructure.Tests", "tests\TFoodies.Infrastructure.Tests\TFoodies.Infrastructure.Tests.csproj", "{07CD89C5-C006-4414-AA16-FE5374F0EEF6}"
EndProject
Global
	GlobalSection(SolutionConfigurationPlatforms) = preSolution
		Debug|Any CPU = Debug|Any CPU
		Debug|x64 = Debug|x64
		Debug|x86 = Debug|x86
		Release|Any CPU = Release|Any CPU
		Release|x64 = Release|x64
		Release|x86 = Release|x86
	EndGlobalSection
	GlobalSection(ProjectConfigurationPlatforms) = postSolution
		{1BA8E6ED-AD66-485C-88F6-4B52539DCCDB}.Debug|Any CPU.ActiveCfg = Debug|Any CPU
		{1BA8E6ED-AD66-485C-88F6-4B52539DCCDB}.Debug|Any CPU.Build.0 = Debug|Any CPU
		{1BA8E6ED-AD66-485C-88F6-4B52539DCCDB}.Debug|x64.ActiveCfg = Debug|Any CPU
		{1BA8E6ED-AD66-485C-88F6-4B52539DCCDB}.Debug|x64.Build.0 = Debug|Any CPU
		{1BA8E6ED-AD66-485C-88F6-4B52539DCCDB}.Debug|x86.ActiveCfg = Debug|Any CPU
		{1BA8E6ED-AD66-485C-88F6-4B52539DCCDB}.Debug|x86.Build.0 = Debug|Any CPU
		{1BA8E6ED-AD66-485C-88F6-4B52539DCCDB}.Release|Any CPU.ActiveCfg = Release|Any CPU
		{1BA8E6ED-AD66-485C-88F6-4B52539DCCDB}.Release|Any CPU.Build.0 = Release|Any CPU
		{1BA8E6ED-AD66-485C-88F6-4B52539DCCDB}.Release|x64.ActiveCfg = Release|Any CPU
		{1BA8E6ED-AD66-485C-88F6-4B52539DCCDB}.Release|x64.Build.0 = Release|Any CPU
		{1BA8E6ED-AD66-485C-88F6-4B52539DCCDB}.Release|x86.ActiveCfg = Release|Any CPU
		{1BA8E6ED-AD66-485C-88F6-4B52539DCCDB}.Release|x86.Build.0 = Release|Any CPU
		{9A70E89F-021B-4EA2-B37A-577B58AD3948}.Debug|Any CPU.ActiveCfg = Debug|Any CPU
		{9A70E89F-021B-4EA2-B37A-577B58AD3948}.Debug|Any CPU.Build.0 = Debug|Any CPU
		{9A70E89F-021B-4EA2-B37A-577B58AD3948}.Debug|x64.ActiveCfg = Debug|Any CPU
		{9A70E89F-021B-4EA2-B37A-577B58AD3948}.Debug|x64.Build.0 = Debug|Any CPU
		{9A70E89F-021B-4EA2-B37A-577B58AD3948}.Debug|x86.ActiveCfg = Debug|Any CPU
		{9A70E89F-021B-4EA2-B37A-577B58AD3948}.Debug|x86.Build.0 = Debug|Any CPU
		{9A70E89F-021B-4EA2-B37A-577B58AD3948}.Release|Any CPU.ActiveCfg = Release|Any CPU
		{9A70E89F-021B-4EA2-B37A-577B58AD3948}.Release|Any CPU.Build.0 = Release|Any CPU
		{9A70E89F-021B-4EA2-B37A-577B58AD3948}.Release|x64.ActiveCfg = Release|Any CPU
		{9A70E89F-021B-4EA2-B37A-577B58AD3948}.Release|x64.Build.0 = Release|Any CPU
		{9A70E89F-021B-4EA2-B37A-577B58AD3948}.Release|x86.ActiveCfg = Release|Any CPU
		{9A70E89F-021B-4EA2-B37A-577B58AD3948}.Release|x86.Build.0 = Release|Any CPU
		{7455AACB-0C80-47B3-9980-2460718BA943}.Debug|Any CPU.ActiveCfg = Debug|Any CPU
		{7455AACB-0C80-47B3-9980-2460718BA943}.Debug|Any CPU.Build.0 = Debug|Any CPU
		{7455AACB-0C80-47B3-9980-2460718BA943}.Debug|x64.ActiveCfg = Debug|Any CPU
		{7455AACB-0C80-47B3-9980-2460718BA943}.Debug|x64.Build.0 = Debug|Any CPU
		{7455AACB-0C80-47B3-9980-2460718BA943}.Debug|x86.ActiveCfg = Debug|Any CPU
		{7455AACB-0C80-47B3-9980-2460718BA943}.Debug|x86.Build.0 = Debug|Any CPU
		{7455AACB-0C80-47B3-9980-2460718BA943}.Release|Any CPU.ActiveCfg = Release|Any CPU
		{7455AACB-0C80-47B3-9980-2460718BA943}.Release|Any CPU.Build.0 = Release|Any CPU
		{7455AACB-0C80-47B3-9980-2460718BA943}.Release|x64.ActiveCfg = Release|Any CPU
		{7455AACB-0C80-47B3-9980-2460718BA943}.Release|x64.Build.0 = Release|Any CPU
		{7455AACB-0C80-47B3-9980-2460718BA943}.Release|x86.ActiveCfg = Release|Any CPU
		{7455AACB-0C80-47B3-9980-2460718BA943}.Release|x86.Build.0 = Release|Any CPU
		{42F5CC4C-2536-4632-9B27-EE0E5B2CBD27}.Debug|Any CPU.ActiveCfg = Debug|Any CPU
		{42F5CC4C-2536-4632-9B27-EE0E5B2CBD27}.Debug|Any CPU.Build.0 = Debug|Any CPU
		{42F5CC4C-2536-4632-9B27-EE0E5B2CBD27}.Debug|x64.ActiveCfg = Debug|Any CPU
		{42F5CC4C-2536-4632-9B27-EE0E5B2CBD27}.Debug|x64.Build.0 = Debug|Any CPU
		{42F5CC4C-2536-4632-9B27-EE0E5B2CBD27}.Debug|x86.ActiveCfg = Debug|Any CPU
		{42F5CC4C-2536-4632-9B27-EE0E5B2CBD27}.Debug|x86.Build.0 = Debug|Any CPU
		{42F5CC4C-2536-4632-9B27-EE0E5B2CBD27}.Release|Any CPU.ActiveCfg = Release|Any CPU
		{42F5CC4C-2536-4632-9B27-EE0E5B2CBD27}.Release|Any CPU.Build.0 = Release|Any CPU
		{42F5CC4C-2536-4632-9B27-EE0E5B2CBD27}.Release|x64.ActiveCfg = Release|Any CPU
		{42F5CC4C-2536-4632-9B27-EE0E5B2CBD27}.Release|x64.Build.0 = Release|Any CPU
		{42F5CC4C-2536-4632-9B27-EE0E5B2CBD27}.Release|x86.ActiveCfg = Release|Any CPU
		{42F5CC4C-2536-4632-9B27-EE0E5B2CBD27}.Release|x86.Build.0 = Release|Any CPU
		{232C5BB8-3E10-4305-B2CE-4EF7EA56C789}.Debug|Any CPU.ActiveCfg = Debug|Any CPU
		{232C5BB8-3E10-4305-B2CE-4EF7EA56C789}.Debug|Any CPU.Build.0 = Debug|Any CPU
		{232C5BB8-3E10-4305-B2CE-4EF7EA56C789}.Debug|x64.ActiveCfg = Debug|Any CPU
		{232C5BB8-3E10-4305-B2CE-4EF7EA56C789}.Debug|x64.Build.0 = Debug|Any CPU
		{232C5BB8-3E10-4305-B2CE-4EF7EA56C789}.Debug|x86.ActiveCfg = Debug|Any CPU
		{232C5BB8-3E10-4305-B2CE-4EF7EA56C789}.Debug|x86.Build.0 = Debug|Any CPU
		{232C5BB8-3E10-4305-B2CE-4EF7EA56C789}.Release|Any CPU.ActiveCfg = Release|Any CPU
		{232C5BB8-3E10-4305-B2CE-4EF7EA56C789}.Release|Any CPU.Build.0 = Release|Any CPU
		{232C5BB8-3E10-4305-B2CE-4EF7EA56C789}.Release|x64.ActiveCfg = Release|Any CPU
		{232C5BB8-3E10-4305-B2CE-4EF7EA56C789}.Release|x64.Build.0 = Release|Any CPU
		{232C5BB8-3E10-4305-B2CE-4EF7EA56C789}.Release|x86.ActiveCfg = Release|Any CPU
		{232C5BB8-3E10-4305-B2CE-4EF7EA56C789}.Release|x86.Build.0 = Release|Any CPU
		{0880D49B-EBFD-403B-A490-ABF11D2C396C}.Debug|Any CPU.ActiveCfg = Debug|Any CPU
		{0880D49B-EBFD-403B-A490-ABF11D2C396C}.Debug|Any CPU.Build.0 = Debug|Any CPU
		{0880D49B-EBFD-403B-A490-ABF11D2C396C}.Debug|x64.ActiveCfg = Debug|Any CPU
		{0880D49B-EBFD-403B-A490-ABF11D2C396C}.Debug|x64.Build.0 = Debug|Any CPU
		{0880D49B-EBFD-403B-A490-ABF11D2C396C}.Debug|x86.ActiveCfg = Debug|Any CPU
		{0880D49B-EBFD-403B-A490-ABF11D2C396C}.Debug|x86.Build.0 = Debug|Any CPU
		{0880D49B-EBFD-403B-A490-ABF11D2C396C}.Release|Any CPU.ActiveCfg = Release|Any CPU
		{0880D49B-EBFD-403B-A490-ABF11D2C396C}.Release|Any CPU.Build.0 = Release|Any CPU
		{0880D49B-EBFD-403B-A490-ABF11D2C396C}.Release|x64.ActiveCfg = Release|Any CPU
		{0880D49B-EBFD-403B-A490-ABF11D2C396C}.Release|x64.Build.0 = Release|Any CPU
		{0880D49B-EBFD-403B-A490-ABF11D2C396C}.Release|x86.ActiveCfg = Release|Any CPU
		{0880D49B-EBFD-403B-A490-ABF11D2C396C}.Release|x86.Build.0 = Release|Any CPU
		{D37AF76F-7106-4C11-8396-A888C1A1A77C}.Debug|Any CPU.ActiveCfg = Debug|Any CPU
		{D37AF76F-7106-4C11-8396-A888C1A1A77C}.Debug|Any CPU.Build.0 = Debug|Any CPU
		{D37AF76F-7106-4C11-8396-A888C1A1A77C}.Debug|x64.ActiveCfg = Debug|Any CPU
		{D37AF76F-7106-4C11-8396-A888C1A1A77C}.Debug|x64.Build.0 = Debug|Any CPU
		{D37AF76F-7106-4C11-8396-A888C1A1A77C}.Debug|x86.ActiveCfg = Debug|Any CPU
		{D37AF76F-7106-4C11-8396-A888C1A1A77C}.Debug|x86.Build.0 = Debug|Any CPU
		{D37AF76F-7106-4C11-8396-A888C1A1A77C}.Release|Any CPU.ActiveCfg = Release|Any CPU
		{D37AF76F-7106-4C11-8396-A888C1A1A77C}.Release|Any CPU.Build.0 = Release|Any CPU
		{D37AF76F-7106-4C11-8396-A888C1A1A77C}.Release|x64.ActiveCfg = Release|Any CPU
		{D37AF76F-7106-4C11-8396-A888C1A1A77C}.Release|x64.Build.0 = Release|Any CPU
		{D37AF76F-7106-4C11-8396-A888C1A1A77C}.Release|x86.ActiveCfg = Release|Any CPU
		{D37AF76F-7106-4C11-8396-A888C1A1A77C}.Release|x86.Build.0 = Release|Any CPU
		{07CD89C5-C006-4414-AA16-FE5374F0EEF6}.Debug|Any CPU.ActiveCfg = Debug|Any CPU
		{07CD89C5-C006-4414-AA16-FE5374F0EEF6}.Debug|Any CPU.Build.0 = Debug|Any CPU
		{07CD89C5-C006-4414-AA16-FE5374F0EEF6}.Debug|x64.ActiveCfg = Debug|Any CPU
		{07CD89C5-C006-4414-AA16-FE5374F0EEF6}.Debug|x64.Build.0 = Debug|Any CPU
		{07CD89C5-C006-4414-AA16-FE5374F0EEF6}.Debug|x86.ActiveCfg = Debug|Any CPU
		{07CD89C5-C006-4414-AA16-FE5374F0EEF6}.Debug|x86.Build.0 = Debug|Any CPU
		{07CD89C5-C006-4414-AA16-FE5374F0EEF6}.Release|Any CPU.ActiveCfg = Release|Any CPU
		{07CD89C5-C006-4414-AA16-FE5374F0EEF6}.Release|Any CPU.Build.0 = Release|Any CPU
		{07CD89C5-C006-4414-AA16-FE5374F0EEF6}.Release|x64.ActiveCfg = Release|Any CPU
		{07CD89C5-C006-4414-AA16-FE5374F0EEF6}.Release|x64.Build.0 = Release|Any CPU
		{07CD89C5-C006-4414-AA16-FE5374F0EEF6}.Release|x86.ActiveCfg = Release|Any CPU
		{07CD89C5-C006-4414-AA16-FE5374F0EEF6}.Release|x86.Build.0 = Release|Any CPU
	EndGlobalSection
	GlobalSection(SolutionProperties) = preSolution
		HideSolutionNode = FALSE
	EndGlobalSection
	GlobalSection(NestedProjects) = preSolution
		{1BA8E6ED-AD66-485C-88F6-4B52539DCCDB} = {827E0CD3-B72D-47B6-A68D-7590B98EB39B}
		{9A70E89F-021B-4EA2-B37A-577B58AD3948} = {827E0CD3-B72D-47B6-A68D-7590B98EB39B}
		{7455AACB-0C80-47B3-9980-2460718BA943} = {827E0CD3-B72D-47B6-A68D-7590B98EB39B}
		{42F5CC4C-2536-4632-9B27-EE0E5B2CBD27} = {827E0CD3-B72D-47B6-A68D-7590B98EB39B}
		{232C5BB8-3E10-4305-B2CE-4EF7EA56C789} = {827E0CD3-B72D-47B6-A68D-7590B98EB39B}
		{0880D49B-EBFD-403B-A490-ABF11D2C396C} = {827E0CD3-B72D-47B6-A68D-7590B98EB39B}
		{D37AF76F-7106-4C11-8396-A888C1A1A77C} = {827E0CD3-B72D-47B6-A68D-7590B98EB39B}
		{07CD89C5-C006-4414-AA16-FE5374F0EEF6} = {0AB3BF05-4346-4AA6-1389-037BE0695223}
	EndGlobalSection
EndGlobal
